
Microsoft Visual Studio Solution File, Format Version 12.00
# Visual Studio Version 16
VisualStudioVersion = 16.0.30717.126
MinimumVisualStudioVersion = 10.0.40219.1
Project("{FAE04EC0-301F-11D3-BF4B-00C04F79EFBC}") = "queue", "queue\queue.csproj", "{D9037542-68E3-472A-8D5E-6E31AB780387}"
EndProject
Global
	GlobalSection(SolutionConfigurationPlatforms) = preSolution
		Debug|Any CPU = Debug|Any CPU
		Release|Any CPU = Release|Any CPU
	EndGlobalSection
	GlobalSection(ProjectConfigurationPlatforms) = postSolution
		{D9037542-68E3-472A-8D5E-6E31AB780387}.Debug|Any CPU.ActiveCfg = Debug|Any CPU
		{D9037542-68E3-472A-8D5E-6E31AB780387}.Debug|Any CPU.Build.0 = Debug|Any CPU
		{D9037542-68E3-472A-8D5E-6E31AB780387}.Release|Any CPU.ActiveCfg = Release|Any CPU
		{D9037542-68E3-472A-8D5E-6E31AB780387}.Release|Any CPU.Build.0 = Release|Any CPU
	EndGlobalSection
	GlobalSection(SolutionProperties) = preSolution
		HideSolutionNode = FALSE
	EndGlobalSection
	GlobalSection(ExtensibilityGlobals) = postSolution
		SolutionGuid = {A95D56D1-91C0-4D46-949A-2FE9E1B23CC4}
	EndGlobalSection
EndGlobal
