
Microsoft Visual Studio Solution File, Format Version 12.00
# Visual Studio Version 16
VisualStudioVersion = 16.0.30717.126
MinimumVisualStudioVersion = 10.0.40219.1
Project("{FAE04EC0-301F-11D3-BF4B-00C04F79EFBC}") = "lab1_arrays", "lab1_arrays\lab1_arrays.csproj", "{376906E4-DFB7-4338-B0DE-A85BD59903AD}"
EndProject
Global
	GlobalSection(SolutionConfigurationPlatforms) = preSolution
		Debug|Any CPU = Debug|Any CPU
		Release|Any CPU = Release|Any CPU
	EndGlobalSection
	GlobalSection(ProjectConfigurationPlatforms) = postSolution
		{376906E4-DFB7-4338-B0DE-A85BD59903AD}.Debug|Any CPU.ActiveCfg = Debug|Any CPU
		{376906E4-DFB7-4338-B0DE-A85BD59903AD}.Debug|Any CPU.Build.0 = Debug|Any CPU
		{376906E4-DFB7-4338-B0DE-A85BD59903AD}.Release|Any CPU.ActiveCfg = Release|Any CPU
		{376906E4-DFB7-4338-B0DE-A85BD59903AD}.Release|Any CPU.Build.0 = Release|Any CPU
	EndGlobalSection
	GlobalSection(SolutionProperties) = preSolution
		HideSolutionNode = FALSE
	EndGlobalSection
	GlobalSection(ExtensibilityGlobals) = postSolution
		SolutionGuid = {391E3480-2607-4620-8C55-A9E8CB1C43AB}
	EndGlobalSection
EndGlobal
